<?xml version="1.0" encoding="utf-8"?>
<Project ToolsVersion="4.0" xmlns="http://schemas.microsoft.com/developer/msbuild/2003">
  <ItemGroup>
    <Filter Include="Fichiers sources">
      <UniqueIdentifier>{4FC737F1-C7A5-4376-A066-2A32D752A2FF}</UniqueIdentifier>
      <Extensions>cpp;c;cc;cxx;def;odl;idl;hpj;bat;asm;asmx</Extensions>
    </Filter>
    <Filter Include="Fichiers d%27en-tête">
      <UniqueIdentifier>{93995380-89BD-4b04-88EB-625FBE52EBFB}</UniqueIdentifier>
      <Extensions>h;hh;hpp;hxx;hm;inl;inc;xsd</Extensions>
    </Filter>
    <Filter Include="Fichiers de ressources">
      <UniqueIdentifier>{67DA6AB6-F800-4c08-8B7A-83BB121AAD01}</UniqueIdentifier>
      <Extensions>rc;ico;cur;bmp;dlg;rc2;rct;bin;rgs;gif;jpg;jpeg;jpe;resx;tiff;tif;png;wav;mfcribbon-ms</Extensions>
    </Filter>
    <Filter Include="SDK">
      <UniqueIdentifier>{1f465149-3c6d-473a-97e1-83557d8d9949}</UniqueIdentifier>
    </Filter>
    <Filter Include="SDK\amx">
      <UniqueIdentifier>{ef15a162-6980-4201-9a32-616bf379656e}</UniqueIdentifier>
    </Filter>
    <Filter Include="Fichiers sources\Items">
      <UniqueIdentifier>{d2820bc4-bec0-41be-bb75-200dcf0c4c08}</UniqueIdentifier>
    </Filter>
    <Filter Include="Fichiers d%27en-tête\Items">
      <UniqueIdentifier>{d164b7b6-7f61-4b77-a239-1813bbf59e9f}</UniqueIdentifier>
    </Filter>
  </ItemGroup>
  <ItemGroup>
    <None Include="SAMP_items.def">
      <Filter>Fichiers sources</Filter>
    </None>
  </ItemGroup>
  <ItemGroup>
    <ClCompile Include="SDK\amxplugin.cpp">
      <Filter>SDK</Filter>
    </ClCompile>
    <ClCompile Include="main.cpp">
      <Filter>Fichiers sources</Filter>
    </ClCompile>
    <ClCompile Include="ItemShema.cpp">
      <Filter>Fichiers sources\Items</Filter>
    </ClCompile>
    <ClCompile Include="Item.cpp">
      <Filter>Fichiers sources\Items</Filter>
    </ClCompile>
    <ClCompile Include="Utils.cpp">
      <Filter>Fichiers sources</Filter>
    </ClCompile>
  </ItemGroup>
  <ItemGroup>
    <ClInclude Include="SDK\plugincommon.h">
      <Filter>SDK</Filter>
    </ClInclude>
    <ClInclude Include="SDK\amx\amx.h">
      <Filter>SDK\amx</Filter>
    </ClInclude>
    <ClInclude Include="SDK\amx\sclinux.h">
      <Filter>SDK\amx</Filter>
    </ClInclude>
    <ClInclude Include="Utils.h">
      <Filter>Fichiers d%27en-tête</Filter>
    </ClInclude>
    <ClInclude Include="ItemShema.h">
      <Filter>Fichiers d%27en-tête\Items</Filter>
    </ClInclude>
    <ClInclude Include="Item.h">
      <Filter>Fichiers d%27en-tête\Items</Filter>
    </ClInclude>
    <ClInclude Include="ItemManager.h">
      <Filter>Fichiers d%27en-tête\Items</Filter>
    </ClInclude>
  </ItemGroup>
</Project>